
Microsoft Visual Studio Solution File, Format Version 12.00
# Visual Studio Version 17
VisualStudioVersion = 17.4.33110.190
MinimumVisualStudioVersion = 10.0.40219.1
Project("{FAE04EC0-301F-11D3-BF4B-00C04F79EFBC}") = "KerberGestaoFrontMaster", "KerberGestaoFrontMaster\KerberGestaoFrontMaster.csproj", "{3EE865C1-5E99-49A5-A783-6942669FD9B6}"
EndProject
Project("{FAE04EC0-301F-11D3-BF4B-00C04F79EFBC}") = "KerberGestaoRegraDeNegocio", "KerberGestaoRegraDeNegocio\KerberGestaoRegraDeNegocio.csproj", "{1A122C6B-37A1-46B8-836D-D7D06F600F6C}"
EndProject
Global
	GlobalSection(SolutionConfigurationPlatforms) = preSolution
		Debug|Any CPU = Debug|Any CPU
		Release|Any CPU = Release|Any CPU
	EndGlobalSection
	GlobalSection(ProjectConfigurationPlatforms) = postSolution
		{3EE865C1-5E99-49A5-A783-6942669FD9B6}.Debug|Any CPU.ActiveCfg = Debug|Any CPU
		{3EE865C1-5E99-49A5-A783-6942669FD9B6}.Debug|Any CPU.Build.0 = Debug|Any CPU
		{3EE865C1-5E99-49A5-A783-6942669FD9B6}.Release|Any CPU.ActiveCfg = Release|Any CPU
		{3EE865C1-5E99-49A5-A783-6942669FD9B6}.Release|Any CPU.Build.0 = Release|Any CPU
		{1A122C6B-37A1-46B8-836D-D7D06F600F6C}.Debug|Any CPU.ActiveCfg = Debug|Any CPU
		{1A122C6B-37A1-46B8-836D-D7D06F600F6C}.Debug|Any CPU.Build.0 = Debug|Any CPU
		{1A122C6B-37A1-46B8-836D-D7D06F600F6C}.Release|Any CPU.ActiveCfg = Release|Any CPU
		{1A122C6B-37A1-46B8-836D-D7D06F600F6C}.Release|Any CPU.Build.0 = Release|Any CPU
	EndGlobalSection
	GlobalSection(SolutionProperties) = preSolution
		HideSolutionNode = FALSE
	EndGlobalSection
	GlobalSection(ExtensibilityGlobals) = postSolution
		SolutionGuid = {094212F5-998E-4764-9144-E90B28969A5C}
	EndGlobalSection
EndGlobal
